
Microsoft Visual Studio Solution File, Format Version 12.00
# Visual Studio Version 17
VisualStudioVersion = 17.3.32929.385
MinimumVisualStudioVersion = 10.0.40219.1
Project("{8BC9CEB8-8B4A-11D0-8D11-00A0C91BC942}") = "test-12-26", "test-12-26\test-12-26.vcxproj", "{CABE797A-1BDC-411B-BB8A-2692AC8A8E24}"
EndProject
Global
	GlobalSection(SolutionConfigurationPlatforms) = preSolution
		Debug|x64 = Debug|x64
		Debug|x86 = Debug|x86
		Release|x64 = Release|x64
		Release|x86 = Release|x86
	EndGlobalSection
	GlobalSection(ProjectConfigurationPlatforms) = postSolution
		{CABE797A-1BDC-411B-BB8A-2692AC8A8E24}.Debug|x64.ActiveCfg = Debug|x64
		{CABE797A-1BDC-411B-BB8A-2692AC8A8E24}.Debug|x64.Build.0 = Debug|x64
		{CABE797A-1BDC-411B-BB8A-2692AC8A8E24}.Debug|x86.ActiveCfg = Debug|Win32
		{CABE797A-1BDC-411B-BB8A-2692AC8A8E24}.Debug|x86.Build.0 = Debug|Win32
		{CABE797A-1BDC-411B-BB8A-2692AC8A8E24}.Release|x64.ActiveCfg = Release|x64
		{CABE797A-1BDC-411B-BB8A-2692AC8A8E24}.Release|x64.Build.0 = Release|x64
		{CABE797A-1BDC-411B-BB8A-2692AC8A8E24}.Release|x86.ActiveCfg = Release|Win32
		{CABE797A-1BDC-411B-BB8A-2692AC8A8E24}.Release|x86.Build.0 = Release|Win32
	EndGlobalSection
	GlobalSection(SolutionProperties) = preSolution
		HideSolutionNode = FALSE
	EndGlobalSection
	GlobalSection(ExtensibilityGlobals) = postSolution
		SolutionGuid = {A78748F4-4FE9-4502-BFB1-3F2DF316CEDD}
	EndGlobalSection
EndGlobal
