
Microsoft Visual Studio Solution File, Format Version 12.00
# Visual Studio Version 17
VisualStudioVersion = 17.3.32929.385
MinimumVisualStudioVersion = 10.0.40219.1
Project("{8BC9CEB8-8B4A-11D0-8D11-00A0C91BC942}") = "2023-3-3", "2023-3-3\2023-3-3.vcxproj", "{BB4A5FB4-D9E7-4DFA-AF0B-7C4ECF08470C}"
EndProject
Global
	GlobalSection(SolutionConfigurationPlatforms) = preSolution
		Debug|x64 = Debug|x64
		Debug|x86 = Debug|x86
		Release|x64 = Release|x64
		Release|x86 = Release|x86
	EndGlobalSection
	GlobalSection(ProjectConfigurationPlatforms) = postSolution
		{BB4A5FB4-D9E7-4DFA-AF0B-7C4ECF08470C}.Debug|x64.ActiveCfg = Debug|x64
		{BB4A5FB4-D9E7-4DFA-AF0B-7C4ECF08470C}.Debug|x64.Build.0 = Debug|x64
		{BB4A5FB4-D9E7-4DFA-AF0B-7C4ECF08470C}.Debug|x86.ActiveCfg = Debug|Win32
		{BB4A5FB4-D9E7-4DFA-AF0B-7C4ECF08470C}.Debug|x86.Build.0 = Debug|Win32
		{BB4A5FB4-D9E7-4DFA-AF0B-7C4ECF08470C}.Release|x64.ActiveCfg = Release|x64
		{BB4A5FB4-D9E7-4DFA-AF0B-7C4ECF08470C}.Release|x64.Build.0 = Release|x64
		{BB4A5FB4-D9E7-4DFA-AF0B-7C4ECF08470C}.Release|x86.ActiveCfg = Release|Win32
		{BB4A5FB4-D9E7-4DFA-AF0B-7C4ECF08470C}.Release|x86.Build.0 = Release|Win32
	EndGlobalSection
	GlobalSection(SolutionProperties) = preSolution
		HideSolutionNode = FALSE
	EndGlobalSection
	GlobalSection(ExtensibilityGlobals) = postSolution
		SolutionGuid = {DE972F53-9A6D-4007-B149-AD6D12FCA60A}
	EndGlobalSection
EndGlobal
