
Microsoft Visual Studio Solution File, Format Version 12.00
# Visual Studio Version 17
VisualStudioVersion = 17.3.32929.385
MinimumVisualStudioVersion = 10.0.40219.1
Project("{8BC9CEB8-8B4A-11D0-8D11-00A0C91BC942}") = "test-12-11", "test-12-11\test-12-11.vcxproj", "{2FB7994B-92F7-4185-A582-85D77664A516}"
EndProject
Global
	GlobalSection(SolutionConfigurationPlatforms) = preSolution
		Debug|x64 = Debug|x64
		Debug|x86 = Debug|x86
		Release|x64 = Release|x64
		Release|x86 = Release|x86
	EndGlobalSection
	GlobalSection(ProjectConfigurationPlatforms) = postSolution
		{2FB7994B-92F7-4185-A582-85D77664A516}.Debug|x64.ActiveCfg = Debug|x64
		{2FB7994B-92F7-4185-A582-85D77664A516}.Debug|x64.Build.0 = Debug|x64
		{2FB7994B-92F7-4185-A582-85D77664A516}.Debug|x86.ActiveCfg = Debug|Win32
		{2FB7994B-92F7-4185-A582-85D77664A516}.Debug|x86.Build.0 = Debug|Win32
		{2FB7994B-92F7-4185-A582-85D77664A516}.Release|x64.ActiveCfg = Release|x64
		{2FB7994B-92F7-4185-A582-85D77664A516}.Release|x64.Build.0 = Release|x64
		{2FB7994B-92F7-4185-A582-85D77664A516}.Release|x86.ActiveCfg = Release|Win32
		{2FB7994B-92F7-4185-A582-85D77664A516}.Release|x86.Build.0 = Release|Win32
	EndGlobalSection
	GlobalSection(SolutionProperties) = preSolution
		HideSolutionNode = FALSE
	EndGlobalSection
	GlobalSection(ExtensibilityGlobals) = postSolution
		SolutionGuid = {0E4A4010-7B92-4B47-8FF7-4E6C6D08A175}
	EndGlobalSection
EndGlobal
