
Microsoft Visual Studio Solution File, Format Version 12.00
# Visual Studio Version 17
VisualStudioVersion = 17.3.32819.101
MinimumVisualStudioVersion = 10.0.40219.1
Project("{8BC9CEB8-8B4A-11D0-8D11-00A0C91BC942}") = "test-10-7 扫雷", "test-10-7 扫雷\test-10-7 扫雷.vcxproj", "{4C1439E0-7124-451B-A58A-1E9CED83ABF4}"
EndProject
Global
	GlobalSection(SolutionConfigurationPlatforms) = preSolution
		Debug|x64 = Debug|x64
		Debug|x86 = Debug|x86
		Release|x64 = Release|x64
		Release|x86 = Release|x86
	EndGlobalSection
	GlobalSection(ProjectConfigurationPlatforms) = postSolution
		{4C1439E0-7124-451B-A58A-1E9CED83ABF4}.Debug|x64.ActiveCfg = Debug|x64
		{4C1439E0-7124-451B-A58A-1E9CED83ABF4}.Debug|x64.Build.0 = Debug|x64
		{4C1439E0-7124-451B-A58A-1E9CED83ABF4}.Debug|x86.ActiveCfg = Debug|Win32
		{4C1439E0-7124-451B-A58A-1E9CED83ABF4}.Debug|x86.Build.0 = Debug|Win32
		{4C1439E0-7124-451B-A58A-1E9CED83ABF4}.Release|x64.ActiveCfg = Release|x64
		{4C1439E0-7124-451B-A58A-1E9CED83ABF4}.Release|x64.Build.0 = Release|x64
		{4C1439E0-7124-451B-A58A-1E9CED83ABF4}.Release|x86.ActiveCfg = Release|Win32
		{4C1439E0-7124-451B-A58A-1E9CED83ABF4}.Release|x86.Build.0 = Release|Win32
	EndGlobalSection
	GlobalSection(SolutionProperties) = preSolution
		HideSolutionNode = FALSE
	EndGlobalSection
	GlobalSection(ExtensibilityGlobals) = postSolution
		SolutionGuid = {000CB4B0-48FA-46BD-AC2F-FDED86D9F9F7}
	EndGlobalSection
EndGlobal
